// !$*UTF8*$!
{
	archiveVersion = 1;
	classes = {
	};
	objectVersion = 46;
	objects = {

/* Begin PBXBuildFile section */
		6B3340621B1481D4006E529D /* EmparejarObject.m in Sources */ = {isa = PBXBuildFile; fileRef = 6B3340611B1481D4006E529D /* EmparejarObject.m */; };
		6B39CC651B25A24800DAF7CF /* OrdenarObject.m in Sources */ = {isa = PBXBuildFile; fileRef = 6B39CC641B25A24800DAF7CF /* OrdenarObject.m */; };
		6B7FDBBB1AF3749E0051CEE5 /* NuevoUsuarioViewController.m in Sources */ = {isa = PBXBuildFile; fileRef = 6B7FDBBA1AF3749E0051CEE5 /* NuevoUsuarioViewController.m */; };
		6B7FDBBE1AF374B30051CEE5 /* DashBoardViewController.m in Sources */ = {isa = PBXBuildFile; fileRef = 6B7FDBBD1AF374B30051CEE5 /* DashBoardViewController.m */; };
		6BAE85EA1B009A77001DF837 /* JuegoCasa.m in Sources */ = {isa = PBXBuildFile; fileRef = 6BAE85E91B009A77001DF837 /* JuegoCasa.m */; };
		6BAE85ED1B009A77001DF837 /* JuegoCotidianas.m in Sources */ = {isa = PBXBuildFile; fileRef = 6BAE85EC1B009A77001DF837 /* JuegoCotidianas.m */; };
		6BAE85F01B009A77001DF837 /* JuegoModales.m in Sources */ = {isa = PBXBuildFile; fileRef = 6BAE85EF1B009A77001DF837 /* JuegoModales.m */; };
		6BAE85F31B009A77001DF837 /* JuegoEmociones.m in Sources */ = {isa = PBXBuildFile; fileRef = 6BAE85F21B009A77001DF837 /* JuegoEmociones.m */; };
		6BAE85F61B00A10F001DF837 /* Usuario.m in Sources */ = {isa = PBXBuildFile; fileRef = 6BAE85F51B00A10F001DF837 /* Usuario.m */; };
		6BAE85F91B00AE8D001DF837 /* ConfiguracionCaracteristicasJuegosViewController.m in Sources */ = {isa = PBXBuildFile; fileRef = 6BAE85F81B00AE8D001DF837 /* ConfiguracionCaracteristicasJuegosViewController.m */; };
		6BB58C4D1AF4CB3E0060C1EF /* Usuario+UsuarioCategoria.m in Sources */ = {isa = PBXBuildFile; fileRef = 6BB58C4C1AF4CB3E0060C1EF /* Usuario+UsuarioCategoria.m */; };
		6BB58E941AFDFF9200614EC2 /* JuegoCasaViewController.m in Sources */ = {isa = PBXBuildFile; fileRef = 6BB58E931AFDFF9200614EC2 /* JuegoCasaViewController.m */; };
		6BB58E971AFDFFAD00614EC2 /* JuegoSeleccionarViewController.m in Sources */ = {isa = PBXBuildFile; fileRef = 6BB58E961AFDFFAD00614EC2 /* JuegoSeleccionarViewController.m */; };
		6BB58E9A1AFE16A300614EC2 /* SeleccionarObject.m in Sources */ = {isa = PBXBuildFile; fileRef = 6BB58E991AFE16A300614EC2 /* SeleccionarObject.m */; };
		6BB58E9C1AFE483A00614EC2 /* QuartzCore.framework in Frameworks */ = {isa = PBXBuildFile; fileRef = 6BB58E9B1AFE483A00614EC2 /* QuartzCore.framework */; };
		6BD3E51A1B02011B00B9198B /* JuegoEmparejarViewController.m in Sources */ = {isa = PBXBuildFile; fileRef = 6BD3E5191B02011B00B9198B /* JuegoEmparejarViewController.m */; };
		6BD3E51D1B02013300B9198B /* JuegoOrdenarViewController.m in Sources */ = {isa = PBXBuildFile; fileRef = 6BD3E51C1B02013300B9198B /* JuegoOrdenarViewController.m */; };
		6BD7520D1AEE948000CA380B /* main.m in Sources */ = {isa = PBXBuildFile; fileRef = 6BD7520C1AEE948000CA380B /* main.m */; };
		6BD752101AEE948000CA380B /* AppDelegate.m in Sources */ = {isa = PBXBuildFile; fileRef = 6BD7520F1AEE948000CA380B /* AppDelegate.m */; };
		6BD752131AEE948000CA380B /* Aprende_con_Tony.xcdatamodeld in Sources */ = {isa = PBXBuildFile; fileRef = 6BD752111AEE948000CA380B /* Aprende_con_Tony.xcdatamodeld */; };
		6BD752191AEE948000CA380B /* Main.storyboard in Resources */ = {isa = PBXBuildFile; fileRef = 6BD752171AEE948000CA380B /* Main.storyboard */; };
		6BD7521E1AEE948000CA380B /* LaunchScreen.xib in Resources */ = {isa = PBXBuildFile; fileRef = 6BD7521C1AEE948000CA380B /* LaunchScreen.xib */; };
		6BD7522A1AEE948000CA380B /* Aprende_con_TonyTests.m in Sources */ = {isa = PBXBuildFile; fileRef = 6BD752291AEE948000CA380B /* Aprende_con_TonyTests.m */; };
		6BD752351AEE963800CA380B /* SeleccionUsuariosViewController.m in Sources */ = {isa = PBXBuildFile; fileRef = 6BD752341AEE963800CA380B /* SeleccionUsuariosViewController.m */; };
		6BD752381AEE9BD100CA380B /* InicioAppViewController.m in Sources */ = {isa = PBXBuildFile; fileRef = 6BD752371AEE9BD100CA380B /* InicioAppViewController.m */; };
		6BD7523A1AEEA58700CA380B /* Images.xcassets in Resources */ = {isa = PBXBuildFile; fileRef = 6BD752391AEEA58700CA380B /* Images.xcassets */; };
		6BE6A9511B03479A00AA5035 /* JuegoCotidianasViewController.m in Sources */ = {isa = PBXBuildFile; fileRef = 6BE6A9501B03479A00AA5035 /* JuegoCotidianasViewController.m */; };
		6BE6A9541B0347AE00AA5035 /* JuegoModalesViewController.m in Sources */ = {isa = PBXBuildFile; fileRef = 6BE6A9531B0347AE00AA5035 /* JuegoModalesViewController.m */; };
		6BE6A9571B0347C100AA5035 /* JuegoEmocionesViewController.m in Sources */ = {isa = PBXBuildFile; fileRef = 6BE6A9561B0347C100AA5035 /* JuegoEmocionesViewController.m */; };
		6BEB7AD61AF7773C003FED49 /* AssetsLibrary.framework in Frameworks */ = {isa = PBXBuildFile; fileRef = 6BEB7AD51AF7773C003FED49 /* AssetsLibrary.framework */; };
		6BF0C53A1AEF8C930006E382 /* ConfiguracionUsuariosViewController.m in Sources */ = {isa = PBXBuildFile; fileRef = 6BF0C5391AEF8C930006E382 /* ConfiguracionUsuariosViewController.m */; };
		6BFD7B661AFB5AEE0037A5AD /* IntermediaJuegoViewController.m in Sources */ = {isa = PBXBuildFile; fileRef = 6BFD7B651AFB5AEE0037A5AD /* IntermediaJuegoViewController.m */; };
/* End PBXBuildFile section */

/* Begin PBXContainerItemProxy section */
		6BD752241AEE948000CA380B /* PBXContainerItemProxy */ = {
			isa = PBXContainerItemProxy;
			containerPortal = 6BD751FF1AEE948000CA380B /* Project object */;
			proxyType = 1;
			remoteGlobalIDString = 6BD752061AEE948000CA380B;
			remoteInfo = "Aprende con Tony";
		};
/* End PBXContainerItemProxy section */

/* Begin PBXFileReference section */
		6B3340601B1481D4006E529D /* EmparejarObject.h */ = {isa = PBXFileReference; fileEncoding = 4; lastKnownFileType = sourcecode.c.h; path = EmparejarObject.h; sourceTree = "<group>"; };
		6B3340611B1481D4006E529D /* EmparejarObject.m */ = {isa = PBXFileReference; fileEncoding = 4; lastKnownFileType = sourcecode.c.objc; path = EmparejarObject.m; sourceTree = "<group>"; };
		6B39CC631B25A24800DAF7CF /* OrdenarObject.h */ = {isa = PBXFileReference; fileEncoding = 4; lastKnownFileType = sourcecode.c.h; path = OrdenarObject.h; sourceTree = "<group>"; };
		6B39CC641B25A24800DAF7CF /* OrdenarObject.m */ = {isa = PBXFileReference; fileEncoding = 4; lastKnownFileType = sourcecode.c.objc; path = OrdenarObject.m; sourceTree = "<group>"; };
		6B7FDBB91AF3749E0051CEE5 /* NuevoUsuarioViewController.h */ = {isa = PBXFileReference; fileEncoding = 4; lastKnownFileType = sourcecode.c.h; path = NuevoUsuarioViewController.h; sourceTree = "<group>"; };
		6B7FDBBA1AF3749E0051CEE5 /* NuevoUsuarioViewController.m */ = {isa = PBXFileReference; fileEncoding = 4; lastKnownFileType = sourcecode.c.objc; path = NuevoUsuarioViewController.m; sourceTree = "<group>"; };
		6B7FDBBC1AF374B30051CEE5 /* DashBoardViewController.h */ = {isa = PBXFileReference; fileEncoding = 4; lastKnownFileType = sourcecode.c.h; path = DashBoardViewController.h; sourceTree = "<group>"; };
		6B7FDBBD1AF374B30051CEE5 /* DashBoardViewController.m */ = {isa = PBXFileReference; fileEncoding = 4; lastKnownFileType = sourcecode.c.objc; path = DashBoardViewController.m; sourceTree = "<group>"; };
		6BAE85E81B009A77001DF837 /* JuegoCasa.h */ = {isa = PBXFileReference; fileEncoding = 4; lastKnownFileType = sourcecode.c.h; name = JuegoCasa.h; path = ../JuegoCasa.h; sourceTree = "<group>"; };
		6BAE85E91B009A77001DF837 /* JuegoCasa.m */ = {isa = PBXFileReference; fileEncoding = 4; lastKnownFileType = sourcecode.c.objc; name = JuegoCasa.m; path = ../JuegoCasa.m; sourceTree = "<group>"; };
		6BAE85EB1B009A77001DF837 /* JuegoCotidianas.h */ = {isa = PBXFileReference; fileEncoding = 4; lastKnownFileType = sourcecode.c.h; name = JuegoCotidianas.h; path = ../JuegoCotidianas.h; sourceTree = "<group>"; };
		6BAE85EC1B009A77001DF837 /* JuegoCotidianas.m */ = {isa = PBXFileReference; fileEncoding = 4; lastKnownFileType = sourcecode.c.objc; name = JuegoCotidianas.m; path = ../JuegoCotidianas.m; sourceTree = "<group>"; };
		6BAE85EE1B009A77001DF837 /* JuegoModales.h */ = {isa = PBXFileReference; fileEncoding = 4; lastKnownFileType = sourcecode.c.h; name = JuegoModales.h; path = ../JuegoModales.h; sourceTree = "<group>"; };
		6BAE85EF1B009A77001DF837 /* JuegoModales.m */ = {isa = PBXFileReference; fileEncoding = 4; lastKnownFileType = sourcecode.c.objc; name = JuegoModales.m; path = ../JuegoModales.m; sourceTree = "<group>"; };
		6BAE85F11B009A77001DF837 /* JuegoEmociones.h */ = {isa = PBXFileReference; fileEncoding = 4; lastKnownFileType = sourcecode.c.h; name = JuegoEmociones.h; path = ../JuegoEmociones.h; sourceTree = "<group>"; };
		6BAE85F21B009A77001DF837 /* JuegoEmociones.m */ = {isa = PBXFileReference; fileEncoding = 4; lastKnownFileType = sourcecode.c.objc; name = JuegoEmociones.m; path = ../JuegoEmociones.m; sourceTree = "<group>"; };
		6BAE85F41B00A10F001DF837 /* Usuario.h */ = {isa = PBXFileReference; fileEncoding = 4; lastKnownFileType = sourcecode.c.h; name = Usuario.h; path = ../Usuario.h; sourceTree = "<group>"; };
		6BAE85F51B00A10F001DF837 /* Usuario.m */ = {isa = PBXFileReference; fileEncoding = 4; lastKnownFileType = sourcecode.c.objc; name = Usuario.m; path = ../Usuario.m; sourceTree = "<group>"; };
		6BAE85F71B00AE8D001DF837 /* ConfiguracionCaracteristicasJuegosViewController.h */ = {isa = PBXFileReference; fileEncoding = 4; lastKnownFileType = sourcecode.c.h; path = ConfiguracionCaracteristicasJuegosViewController.h; sourceTree = "<group>"; };
		6BAE85F81B00AE8D001DF837 /* ConfiguracionCaracteristicasJuegosViewController.m */ = {isa = PBXFileReference; fileEncoding = 4; lastKnownFileType = sourcecode.c.objc; path = ConfiguracionCaracteristicasJuegosViewController.m; sourceTree = "<group>"; };
		6BB58C4B1AF4CB3E0060C1EF /* Usuario+UsuarioCategoria.h */ = {isa = PBXFileReference; fileEncoding = 4; lastKnownFileType = sourcecode.c.h; path = "Usuario+UsuarioCategoria.h"; sourceTree = "<group>"; };
		6BB58C4C1AF4CB3E0060C1EF /* Usuario+UsuarioCategoria.m */ = {isa = PBXFileReference; fileEncoding = 4; lastKnownFileType = sourcecode.c.objc; path = "Usuario+UsuarioCategoria.m"; sourceTree = "<group>"; };
		6BB58E921AFDFF9200614EC2 /* JuegoCasaViewController.h */ = {isa = PBXFileReference; fileEncoding = 4; lastKnownFileType = sourcecode.c.h; path = JuegoCasaViewController.h; sourceTree = "<group>"; };
		6BB58E931AFDFF9200614EC2 /* JuegoCasaViewController.m */ = {isa = PBXFileReference; fileEncoding = 4; lastKnownFileType = sourcecode.c.objc; path = JuegoCasaViewController.m; sourceTree = "<group>"; };
		6BB58E951AFDFFAD00614EC2 /* JuegoSeleccionarViewController.h */ = {isa = PBXFileReference; fileEncoding = 4; lastKnownFileType = sourcecode.c.h; path = JuegoSeleccionarViewController.h; sourceTree = "<group>"; };
		6BB58E961AFDFFAD00614EC2 /* JuegoSeleccionarViewController.m */ = {isa = PBXFileReference; fileEncoding = 4; lastKnownFileType = sourcecode.c.objc; path = JuegoSeleccionarViewController.m; sourceTree = "<group>"; };
		6BB58E981AFE16A300614EC2 /* SeleccionarObject.h */ = {isa = PBXFileReference; fileEncoding = 4; lastKnownFileType = sourcecode.c.h; path = SeleccionarObject.h; sourceTree = "<group>"; };
		6BB58E991AFE16A300614EC2 /* SeleccionarObject.m */ = {isa = PBXFileReference; fileEncoding = 4; lastKnownFileType = sourcecode.c.objc; path = SeleccionarObject.m; sourceTree = "<group>"; };
		6BB58E9B1AFE483A00614EC2 /* QuartzCore.framework */ = {isa = PBXFileReference; lastKnownFileType = wrapper.framework; name = QuartzCore.framework; path = System/Library/Frameworks/QuartzCore.framework; sourceTree = SDKROOT; };
		6BD3E5181B02011B00B9198B /* JuegoEmparejarViewController.h */ = {isa = PBXFileReference; fileEncoding = 4; lastKnownFileType = sourcecode.c.h; path = JuegoEmparejarViewController.h; sourceTree = "<group>"; };
		6BD3E5191B02011B00B9198B /* JuegoEmparejarViewController.m */ = {isa = PBXFileReference; fileEncoding = 4; lastKnownFileType = sourcecode.c.objc; path = JuegoEmparejarViewController.m; sourceTree = "<group>"; };
		6BD3E51B1B02013300B9198B /* JuegoOrdenarViewController.h */ = {isa = PBXFileReference; fileEncoding = 4; lastKnownFileType = sourcecode.c.h; path = JuegoOrdenarViewController.h; sourceTree = "<group>"; };
		6BD3E51C1B02013300B9198B /* JuegoOrdenarViewController.m */ = {isa = PBXFileReference; fileEncoding = 4; lastKnownFileType = sourcecode.c.objc; path = JuegoOrdenarViewController.m; sourceTree = "<group>"; };
		6BD752071AEE948000CA380B /* Aprende con Tony.app */ = {isa = PBXFileReference; explicitFileType = wrapper.application; includeInIndex = 0; path = "Aprende con Tony.app"; sourceTree = BUILT_PRODUCTS_DIR; };
		6BD7520B1AEE948000CA380B /* Info.plist */ = {isa = PBXFileReference; lastKnownFileType = text.plist.xml; path = Info.plist; sourceTree = "<group>"; };
		6BD7520C1AEE948000CA380B /* main.m */ = {isa = PBXFileReference; lastKnownFileType = sourcecode.c.objc; path = main.m; sourceTree = "<group>"; };
		6BD7520E1AEE948000CA380B /* AppDelegate.h */ = {isa = PBXFileReference; lastKnownFileType = sourcecode.c.h; path = AppDelegate.h; sourceTree = "<group>"; };
		6BD7520F1AEE948000CA380B /* AppDelegate.m */ = {isa = PBXFileReference; lastKnownFileType = sourcecode.c.objc; path = AppDelegate.m; sourceTree = "<group>"; };
		6BD752121AEE948000CA380B /* Aprende_con_Tony.xcdatamodel */ = {isa = PBXFileReference; lastKnownFileType = wrapper.xcdatamodel; path = Aprende_con_Tony.xcdatamodel; sourceTree = "<group>"; };
		6BD752181AEE948000CA380B /* Base */ = {isa = PBXFileReference; lastKnownFileType = file.storyboard; name = Base; path = Base.lproj/Main.storyboard; sourceTree = "<group>"; };
		6BD7521D1AEE948000CA380B /* Base */ = {isa = PBXFileReference; lastKnownFileType = file.xib; name = Base; path = Base.lproj/LaunchScreen.xib; sourceTree = "<group>"; };
		6BD752231AEE948000CA380B /* Aprende con TonyTests.xctest */ = {isa = PBXFileReference; explicitFileType = wrapper.cfbundle; includeInIndex = 0; path = "Aprende con TonyTests.xctest"; sourceTree = BUILT_PRODUCTS_DIR; };
		6BD752281AEE948000CA380B /* Info.plist */ = {isa = PBXFileReference; lastKnownFileType = text.plist.xml; path = Info.plist; sourceTree = "<group>"; };
		6BD752291AEE948000CA380B /* Aprende_con_TonyTests.m */ = {isa = PBXFileReference; lastKnownFileType = sourcecode.c.objc; path = Aprende_con_TonyTests.m; sourceTree = "<group>"; };
		6BD752331AEE963800CA380B /* SeleccionUsuariosViewController.h */ = {isa = PBXFileReference; fileEncoding = 4; lastKnownFileType = sourcecode.c.h; path = SeleccionUsuariosViewController.h; sourceTree = "<group>"; };
		6BD752341AEE963800CA380B /* SeleccionUsuariosViewController.m */ = {isa = PBXFileReference; fileEncoding = 4; lastKnownFileType = sourcecode.c.objc; path = SeleccionUsuariosViewController.m; sourceTree = "<group>"; };
		6BD752361AEE9BD100CA380B /* InicioAppViewController.h */ = {isa = PBXFileReference; fileEncoding = 4; lastKnownFileType = sourcecode.c.h; path = InicioAppViewController.h; sourceTree = "<group>"; };
		6BD752371AEE9BD100CA380B /* InicioAppViewController.m */ = {isa = PBXFileReference; fileEncoding = 4; lastKnownFileType = sourcecode.c.objc; path = InicioAppViewController.m; sourceTree = "<group>"; };
		6BD752391AEEA58700CA380B /* Images.xcassets */ = {isa = PBXFileReference; lastKnownFileType = folder.assetcatalog; path = Images.xcassets; sourceTree = "<group>"; };
		6BE6A94F1B03479A00AA5035 /* JuegoCotidianasViewController.h */ = {isa = PBXFileReference; fileEncoding = 4; lastKnownFileType = sourcecode.c.h; path = JuegoCotidianasViewController.h; sourceTree = "<group>"; };
		6BE6A9501B03479A00AA5035 /* JuegoCotidianasViewController.m */ = {isa = PBXFileReference; fileEncoding = 4; lastKnownFileType = sourcecode.c.objc; path = JuegoCotidianasViewController.m; sourceTree = "<group>"; };
		6BE6A9521B0347AE00AA5035 /* JuegoModalesViewController.h */ = {isa = PBXFileReference; fileEncoding = 4; lastKnownFileType = sourcecode.c.h; path = JuegoModalesViewController.h; sourceTree = "<group>"; };
		6BE6A9531B0347AE00AA5035 /* JuegoModalesViewController.m */ = {isa = PBXFileReference; fileEncoding = 4; lastKnownFileType = sourcecode.c.objc; path = JuegoModalesViewController.m; sourceTree = "<group>"; };
		6BE6A9551B0347C100AA5035 /* JuegoEmocionesViewController.h */ = {isa = PBXFileReference; fileEncoding = 4; lastKnownFileType = sourcecode.c.h; path = JuegoEmocionesViewController.h; sourceTree = "<group>"; };
		6BE6A9561B0347C100AA5035 /* JuegoEmocionesViewController.m */ = {isa = PBXFileReference; fileEncoding = 4; lastKnownFileType = sourcecode.c.objc; path = JuegoEmocionesViewController.m; sourceTree = "<group>"; };
		6BEB7AD51AF7773C003FED49 /* AssetsLibrary.framework */ = {isa = PBXFileReference; lastKnownFileType = wrapper.framework; name = AssetsLibrary.framework; path = System/Library/Frameworks/AssetsLibrary.framework; sourceTree = SDKROOT; };
		6BF0C5381AEF8C930006E382 /* ConfiguracionUsuariosViewController.h */ = {isa = PBXFileReference; fileEncoding = 4; lastKnownFileType = sourcecode.c.h; path = ConfiguracionUsuariosViewController.h; sourceTree = "<group>"; };
		6BF0C5391AEF8C930006E382 /* ConfiguracionUsuariosViewController.m */ = {isa = PBXFileReference; fileEncoding = 4; lastKnownFileType = sourcecode.c.objc; path = ConfiguracionUsuariosViewController.m; sourceTree = "<group>"; };
		6BFD7B641AFB5AEE0037A5AD /* IntermediaJuegoViewController.h */ = {isa = PBXFileReference; fileEncoding = 4; lastKnownFileType = sourcecode.c.h; path = IntermediaJuegoViewController.h; sourceTree = "<group>"; };
		6BFD7B651AFB5AEE0037A5AD /* IntermediaJuegoViewController.m */ = {isa = PBXFileReference; fileEncoding = 4; lastKnownFileType = sourcecode.c.objc; path = IntermediaJuegoViewController.m; sourceTree = "<group>"; };
/* End PBXFileReference section */

/* Begin PBXFrameworksBuildPhase section */
		6BD752041AEE948000CA380B /* Frameworks */ = {
			isa = PBXFrameworksBuildPhase;
			buildActionMask = 2147483647;
			files = (
				6BB58E9C1AFE483A00614EC2 /* QuartzCore.framework in Frameworks */,
				6BEB7AD61AF7773C003FED49 /* AssetsLibrary.framework in Frameworks */,
			);
			runOnlyForDeploymentPostprocessing = 0;
		};
		6BD752201AEE948000CA380B /* Frameworks */ = {
			isa = PBXFrameworksBuildPhase;
			buildActionMask = 2147483647;
			files = (
			);
			runOnlyForDeploymentPostprocessing = 0;
		};
/* End PBXFrameworksBuildPhase section */

/* Begin PBXGroup section */
		6BB58C3B1AF4C7C20060C1EF /* Modelo */ = {
			isa = PBXGroup;
			children = (
				6BAE85F11B009A77001DF837 /* JuegoEmociones.h */,
				6BAE85F21B009A77001DF837 /* JuegoEmociones.m */,
				6BAE85EE1B009A77001DF837 /* JuegoModales.h */,
				6BAE85EF1B009A77001DF837 /* JuegoModales.m */,
				6BAE85EB1B009A77001DF837 /* JuegoCotidianas.h */,
				6BAE85EC1B009A77001DF837 /* JuegoCotidianas.m */,
				6BAE85E81B009A77001DF837 /* JuegoCasa.h */,
				6BAE85E91B009A77001DF837 /* JuegoCasa.m */,
				6BAE85F41B00A10F001DF837 /* Usuario.h */,
				6BAE85F51B00A10F001DF837 /* Usuario.m */,
				6BB58C4B1AF4CB3E0060C1EF /* Usuario+UsuarioCategoria.h */,
				6BB58C4C1AF4CB3E0060C1EF /* Usuario+UsuarioCategoria.m */,
				6BD752111AEE948000CA380B /* Aprende_con_Tony.xcdatamodeld */,
			);
			name = Modelo;
			sourceTree = "<group>";
		};
		6BD751FE1AEE948000CA380B = {
			isa = PBXGroup;
			children = (
				6BB58E9B1AFE483A00614EC2 /* QuartzCore.framework */,
				6BEB7AD51AF7773C003FED49 /* AssetsLibrary.framework */,
				6BD752091AEE948000CA380B /* Aprende con Tony */,
				6BD752261AEE948000CA380B /* Aprende con TonyTests */,
				6BD752081AEE948000CA380B /* Products */,
			);
			sourceTree = "<group>";
		};
		6BD752081AEE948000CA380B /* Products */ = {
			isa = PBXGroup;
			children = (
				6BD752071AEE948000CA380B /* Aprende con Tony.app */,
				6BD752231AEE948000CA380B /* Aprende con TonyTests.xctest */,
			);
			name = Products;
			sourceTree = "<group>";
		};
		6BD752091AEE948000CA380B /* Aprende con Tony */ = {
			isa = PBXGroup;
			children = (
				6BD7520E1AEE948000CA380B /* AppDelegate.h */,
				6BD7520F1AEE948000CA380B /* AppDelegate.m */,
				6BD752361AEE9BD100CA380B /* InicioAppViewController.h */,
				6BD752371AEE9BD100CA380B /* InicioAppViewController.m */,
				6BD752331AEE963800CA380B /* SeleccionUsuariosViewController.h */,
				6BD752341AEE963800CA380B /* SeleccionUsuariosViewController.m */,
				6BF0C5381AEF8C930006E382 /* ConfiguracionUsuariosViewController.h */,
				6BF0C5391AEF8C930006E382 /* ConfiguracionUsuariosViewController.m */,
				6BAE85F71B00AE8D001DF837 /* ConfiguracionCaracteristicasJuegosViewController.h */,
				6BAE85F81B00AE8D001DF837 /* ConfiguracionCaracteristicasJuegosViewController.m */,
				6B7FDBB91AF3749E0051CEE5 /* NuevoUsuarioViewController.h */,
				6B7FDBBA1AF3749E0051CEE5 /* NuevoUsuarioViewController.m */,
				6B7FDBBC1AF374B30051CEE5 /* DashBoardViewController.h */,
				6B7FDBBD1AF374B30051CEE5 /* DashBoardViewController.m */,
				6BFD7B641AFB5AEE0037A5AD /* IntermediaJuegoViewController.h */,
				6BFD7B651AFB5AEE0037A5AD /* IntermediaJuegoViewController.m */,
				6BB58E921AFDFF9200614EC2 /* JuegoCasaViewController.h */,
				6BB58E931AFDFF9200614EC2 /* JuegoCasaViewController.m */,
				6BE6A94F1B03479A00AA5035 /* JuegoCotidianasViewController.h */,
				6BE6A9501B03479A00AA5035 /* JuegoCotidianasViewController.m */,
				6BE6A9521B0347AE00AA5035 /* JuegoModalesViewController.h */,
				6BE6A9531B0347AE00AA5035 /* JuegoModalesViewController.m */,
				6BE6A9551B0347C100AA5035 /* JuegoEmocionesViewController.h */,
				6BE6A9561B0347C100AA5035 /* JuegoEmocionesViewController.m */,
				6BB58E951AFDFFAD00614EC2 /* JuegoSeleccionarViewController.h */,
				6BB58E961AFDFFAD00614EC2 /* JuegoSeleccionarViewController.m */,
				6BB58E981AFE16A300614EC2 /* SeleccionarObject.h */,
				6BB58E991AFE16A300614EC2 /* SeleccionarObject.m */,
				6BD3E5181B02011B00B9198B /* JuegoEmparejarViewController.h */,
				6BD3E5191B02011B00B9198B /* JuegoEmparejarViewController.m */,
				6B3340601B1481D4006E529D /* EmparejarObject.h */,
				6B3340611B1481D4006E529D /* EmparejarObject.m */,
				6BD3E51B1B02013300B9198B /* JuegoOrdenarViewController.h */,
				6BD3E51C1B02013300B9198B /* JuegoOrdenarViewController.m */,
				6B39CC631B25A24800DAF7CF /* OrdenarObject.h */,
				6B39CC641B25A24800DAF7CF /* OrdenarObject.m */,
				6BD752171AEE948000CA380B /* Main.storyboard */,
				6BD752391AEEA58700CA380B /* Images.xcassets */,
				6BD7521C1AEE948000CA380B /* LaunchScreen.xib */,
				6BB58C3B1AF4C7C20060C1EF /* Modelo */,
				6BD7520A1AEE948000CA380B /* Supporting Files */,
			);
			path = "Aprende con Tony";
			sourceTree = "<group>";
		};
		6BD7520A1AEE948000CA380B /* Supporting Files */ = {
			isa = PBXGroup;
			children = (
				6BD7520B1AEE948000CA380B /* Info.plist */,
				6BD7520C1AEE948000CA380B /* main.m */,
			);
			name = "Supporting Files";
			sourceTree = "<group>";
		};
		6BD752261AEE948000CA380B /* Aprende con TonyTests */ = {
			isa = PBXGroup;
			children = (
				6BD752291AEE948000CA380B /* Aprende_con_TonyTests.m */,
				6BD752271AEE948000CA380B /* Supporting Files */,
			);
			path = "Aprende con TonyTests";
			sourceTree = "<group>";
		};
		6BD752271AEE948000CA380B /* Supporting Files */ = {
			isa = PBXGroup;
			children = (
				6BD752281AEE948000CA380B /* Info.plist */,
			);
			name = "Supporting Files";
			sourceTree = "<group>";
		};
/* End PBXGroup section */

/* Begin PBXNativeTarget section */
		6BD752061AEE948000CA380B /* Aprende con Tony */ = {
			isa = PBXNativeTarget;
			buildConfigurationList = 6BD7522D1AEE948000CA380B /* Build configuration list for PBXNativeTarget "Aprende con Tony" */;
			buildPhases = (
				6BD752031AEE948000CA380B /* Sources */,
				6BD752041AEE948000CA380B /* Frameworks */,
				6BD752051AEE948000CA380B /* Resources */,
			);
			buildRules = (
			);
			dependencies = (
			);
			name = "Aprende con Tony";
			productName = "Aprende con Tony";
			productReference = 6BD752071AEE948000CA380B /* Aprende con Tony.app */;
			productType = "com.apple.product-type.application";
		};
		6BD752221AEE948000CA380B /* Aprende con TonyTests */ = {
			isa = PBXNativeTarget;
			buildConfigurationList = 6BD752301AEE948000CA380B /* Build configuration list for PBXNativeTarget "Aprende con TonyTests" */;
			buildPhases = (
				6BD7521F1AEE948000CA380B /* Sources */,
				6BD752201AEE948000CA380B /* Frameworks */,
				6BD752211AEE948000CA380B /* Resources */,
			);
			buildRules = (
			);
			dependencies = (
				6BD752251AEE948000CA380B /* PBXTargetDependency */,
			);
			name = "Aprende con TonyTests";
			productName = "Aprende con TonyTests";
			productReference = 6BD752231AEE948000CA380B /* Aprende con TonyTests.xctest */;
			productType = "com.apple.product-type.bundle.unit-test";
		};
/* End PBXNativeTarget section */

/* Begin PBXProject section */
		6BD751FF1AEE948000CA380B /* Project object */ = {
			isa = PBXProject;
			attributes = {
				LastUpgradeCheck = 0630;
				ORGANIZATIONNAME = "Cristina Anton prieto";
				TargetAttributes = {
					6BD752061AEE948000CA380B = {
						CreatedOnToolsVersion = 6.3;
						DevelopmentTeam = DWM9WUEN52;
					};
					6BD752221AEE948000CA380B = {
						CreatedOnToolsVersion = 6.3;
						TestTargetID = 6BD752061AEE948000CA380B;
					};
				};
			};
			buildConfigurationList = 6BD752021AEE948000CA380B /* Build configuration list for PBXProject "Aprende con Tony" */;
			compatibilityVersion = "Xcode 3.2";
			developmentRegion = English;
			hasScannedForEncodings = 0;
			knownRegions = (
				en,
				Base,
			);
			mainGroup = 6BD751FE1AEE948000CA380B;
			productRefGroup = 6BD752081AEE948000CA380B /* Products */;
			projectDirPath = "";
			projectRoot = "";
			targets = (
				6BD752061AEE948000CA380B /* Aprende con Tony */,
				6BD752221AEE948000CA380B /* Aprende con TonyTests */,
			);
		};
/* End PBXProject section */

/* Begin PBXResourcesBuildPhase section */
		6BD752051AEE948000CA380B /* Resources */ = {
			isa = PBXResourcesBuildPhase;
			buildActionMask = 2147483647;
			files = (
				6BD7523A1AEEA58700CA380B /* Images.xcassets in Resources */,
				6BD752191AEE948000CA380B /* Main.storyboard in Resources */,
				6BD7521E1AEE948000CA380B /* LaunchScreen.xib in Resources */,
			);
			runOnlyForDeploymentPostprocessing = 0;
		};
		6BD752211AEE948000CA380B /* Resources */ = {
			isa = PBXResourcesBuildPhase;
			buildActionMask = 2147483647;
			files = (
			);
			runOnlyForDeploymentPostprocessing = 0;
		};
/* End PBXResourcesBuildPhase section */

/* Begin PBXSourcesBuildPhase section */
		6BD752031AEE948000CA380B /* Sources */ = {
			isa = PBXSourcesBuildPhase;
			buildActionMask = 2147483647;
			files = (
				6BAE85F01B009A77001DF837 /* JuegoModales.m in Sources */,
				6BB58E971AFDFFAD00614EC2 /* JuegoSeleccionarViewController.m in Sources */,
				6BD752101AEE948000CA380B /* AppDelegate.m in Sources */,
				6BB58E941AFDFF9200614EC2 /* JuegoCasaViewController.m in Sources */,
				6BD3E51D1B02013300B9198B /* JuegoOrdenarViewController.m in Sources */,
				6BAE85F61B00A10F001DF837 /* Usuario.m in Sources */,
				6BFD7B661AFB5AEE0037A5AD /* IntermediaJuegoViewController.m in Sources */,
				6BD752381AEE9BD100CA380B /* InicioAppViewController.m in Sources */,
				6BE6A9541B0347AE00AA5035 /* JuegoModalesViewController.m in Sources */,
				6BAE85ED1B009A77001DF837 /* JuegoCotidianas.m in Sources */,
				6BB58C4D1AF4CB3E0060C1EF /* Usuario+UsuarioCategoria.m in Sources */,
				6BD752351AEE963800CA380B /* SeleccionUsuariosViewController.m in Sources */,
				6BE6A9571B0347C100AA5035 /* JuegoEmocionesViewController.m in Sources */,
				6BAE85EA1B009A77001DF837 /* JuegoCasa.m in Sources */,
				6B7FDBBE1AF374B30051CEE5 /* DashBoardViewController.m in Sources */,
				6B7FDBBB1AF3749E0051CEE5 /* NuevoUsuarioViewController.m in Sources */,
				6BD3E51A1B02011B00B9198B /* JuegoEmparejarViewController.m in Sources */,
				6B3340621B1481D4006E529D /* EmparejarObject.m in Sources */,
				6B39CC651B25A24800DAF7CF /* OrdenarObject.m in Sources */,
				6BAE85F31B009A77001DF837 /* JuegoEmociones.m in Sources */,
				6BE6A9511B03479A00AA5035 /* JuegoCotidianasViewController.m in Sources */,
				6BAE85F91B00AE8D001DF837 /* ConfiguracionCaracteristicasJuegosViewController.m in Sources */,
				6BF0C53A1AEF8C930006E382 /* ConfiguracionUsuariosViewController.m in Sources */,
				6BD752131AEE948000CA380B /* Aprende_con_Tony.xcdatamodeld in Sources */,
				6BB58E9A1AFE16A300614EC2 /* SeleccionarObject.m in Sources */,
				6BD7520D1AEE948000CA380B /* main.m in Sources */,
			);
			runOnlyForDeploymentPostprocessing = 0;
		};
		6BD7521F1AEE948000CA380B /* Sources */ = {
			isa = PBXSourcesBuildPhase;
			buildActionMask = 2147483647;
			files = (
				6BD7522A1AEE948000CA380B /* Aprende_con_TonyTests.m in Sources */,
			);
			runOnlyForDeploymentPostprocessing = 0;
		};
/* End PBXSourcesBuildPhase section */

/* Begin PBXTargetDependency section */
		6BD752251AEE948000CA380B /* PBXTargetDependency */ = {
			isa = PBXTargetDependency;
			target = 6BD752061AEE948000CA380B /* Aprende con Tony */;
			targetProxy = 6BD752241AEE948000CA380B /* PBXContainerItemProxy */;
		};
/* End PBXTargetDependency section */

/* Begin PBXVariantGroup section */
		6BD752171AEE948000CA380B /* Main.storyboard */ = {
			isa = PBXVariantGroup;
			children = (
				6BD752181AEE948000CA380B /* Base */,
			);
			name = Main.storyboard;
			sourceTree = "<group>";
		};
		6BD7521C1AEE948000CA380B /* LaunchScreen.xib */ = {
			isa = PBXVariantGroup;
			children = (
				6BD7521D1AEE948000CA380B /* Base */,
			);
			name = LaunchScreen.xib;
			sourceTree = "<group>";
		};
/* End PBXVariantGroup section */

/* Begin XCBuildConfiguration section */
		6BD7522B1AEE948000CA380B /* Debug */ = {
			isa = XCBuildConfiguration;
			buildSettings = {
				ALWAYS_SEARCH_USER_PATHS = NO;
				CLANG_CXX_LANGUAGE_STANDARD = "gnu++0x";
				CLANG_CXX_LIBRARY = "libc++";
				CLANG_ENABLE_MODULES = YES;
				CLANG_ENABLE_OBJC_ARC = YES;
				CLANG_WARN_BOOL_CONVERSION = YES;
				CLANG_WARN_CONSTANT_CONVERSION = YES;
				CLANG_WARN_DIRECT_OBJC_ISA_USAGE = YES_ERROR;
				CLANG_WARN_EMPTY_BODY = YES;
				CLANG_WARN_ENUM_CONVERSION = YES;
				CLANG_WARN_INT_CONVERSION = YES;
				CLANG_WARN_OBJC_ROOT_CLASS = YES_ERROR;
				CLANG_WARN_UNREACHABLE_CODE = YES;
				CLANG_WARN__DUPLICATE_METHOD_MATCH = YES;
				"CODE_SIGN_IDENTITY[sdk=iphoneos*]" = "iPhone Developer";
				COPY_PHASE_STRIP = NO;
				DEBUG_INFORMATION_FORMAT = "dwarf-with-dsym";
				ENABLE_STRICT_OBJC_MSGSEND = YES;
				GCC_C_LANGUAGE_STANDARD = gnu99;
				GCC_DYNAMIC_NO_PIC = NO;
				GCC_NO_COMMON_BLOCKS = YES;
				GCC_OPTIMIZATION_LEVEL = 0;
				GCC_PREPROCESSOR_DEFINITIONS = (
					"DEBUG=1",
					"$(inherited)",
				);
				GCC_SYMBOLS_PRIVATE_EXTERN = NO;
				GCC_WARN_64_TO_32_BIT_CONVERSION = YES;
				GCC_WARN_ABOUT_RETURN_TYPE = YES_ERROR;
				GCC_WARN_UNDECLARED_SELECTOR = YES;
				GCC_WARN_UNINITIALIZED_AUTOS = YES_AGGRESSIVE;
				GCC_WARN_UNUSED_FUNCTION = YES;
				GCC_WARN_UNUSED_VARIABLE = YES;
				IPHONEOS_DEPLOYMENT_TARGET = 8.3;
				MTL_ENABLE_DEBUG_INFO = YES;
				ONLY_ACTIVE_ARCH = YES;
				SDKROOT = iphoneos;
				TARGETED_DEVICE_FAMILY = 2;
			};
			name = Debug;
		};
		6BD7522C1AEE948000CA380B /* Release */ = {
			isa = XCBuildConfiguration;
			buildSettings = {
				ALWAYS_SEARCH_USER_PATHS = NO;
				CLANG_CXX_LANGUAGE_STANDARD = "gnu++0x";
				CLANG_CXX_LIBRARY = "libc++";
				CLANG_ENABLE_MODULES = YES;
				CLANG_ENABLE_OBJC_ARC = YES;
				CLANG_WARN_BOOL_CONVERSION = YES;
				CLANG_WARN_CONSTANT_CONVERSION = YES;
				CLANG_WARN_DIRECT_OBJC_ISA_USAGE = YES_ERROR;
				CLANG_WARN_EMPTY_BODY = YES;
				CLANG_WARN_ENUM_CONVERSION = YES;
				CLANG_WARN_INT_CONVERSION = YES;
				CLANG_WARN_OBJC_ROOT_CLASS = YES_ERROR;
				CLANG_WARN_UNREACHABLE_CODE = YES;
				CLANG_WARN__DUPLICATE_METHOD_MATCH = YES;
				"CODE_SIGN_IDENTITY[sdk=iphoneos*]" = "iPhone Developer";
				COPY_PHASE_STRIP = NO;
				DEBUG_INFORMATION_FORMAT = "dwarf-with-dsym";
				ENABLE_NS_ASSERTIONS = NO;
				ENABLE_STRICT_OBJC_MSGSEND = YES;
				GCC_C_LANGUAGE_STANDARD = gnu99;
				GCC_NO_COMMON_BLOCKS = YES;
				GCC_WARN_64_TO_32_BIT_CONVERSION = YES;
				GCC_WARN_ABOUT_RETURN_TYPE = YES_ERROR;
				GCC_WARN_UNDECLARED_SELECTOR = YES;
				GCC_WARN_UNINITIALIZED_AUTOS = YES_AGGRESSIVE;
				GCC_WARN_UNUSED_FUNCTION = YES;
				GCC_WARN_UNUSED_VARIABLE = YES;
				IPHONEOS_DEPLOYMENT_TARGET = 8.3;
				MTL_ENABLE_DEBUG_INFO = NO;
				SDKROOT = iphoneos;
				TARGETED_DEVICE_FAMILY = 2;
				VALIDATE_PRODUCT = YES;
			};
			name = Release;
		};
		6BD7522E1AEE948000CA380B /* Debug */ = {
			isa = XCBuildConfiguration;
			buildSettings = {
				ASSETCATALOG_COMPILER_APPICON_NAME = AppIcon;
				CLANG_ENABLE_OBJC_ARC = YES;
				CODE_SIGN_IDENTITY = "iPhone Developer";
				"CODE_SIGN_IDENTITY[sdk=iphoneos*]" = "iPhone Developer";
				INFOPLIST_FILE = "Aprende con Tony/Info.plist";
				LD_RUNPATH_SEARCH_PATHS = "$(inherited) @executable_path/Frameworks";
				PRODUCT_NAME = "$(TARGET_NAME)";
				PROVISIONING_PROFILE = "";
			};
			name = Debug;
		};
		6BD7522F1AEE948000CA380B /* Release */ = {
			isa = XCBuildConfiguration;
			buildSettings = {
				ASSETCATALOG_COMPILER_APPICON_NAME = AppIcon;
				CLANG_ENABLE_OBJC_ARC = YES;
				CODE_SIGN_IDENTITY = "iPhone Developer";
				"CODE_SIGN_IDENTITY[sdk=iphoneos*]" = "iPhone Developer";
				INFOPLIST_FILE = "Aprende con Tony/Info.plist";
				LD_RUNPATH_SEARCH_PATHS = "$(inherited) @executable_path/Frameworks";
				PRODUCT_NAME = "$(TARGET_NAME)";
				PROVISIONING_PROFILE = "";
			};
			name = Release;
		};
		6BD752311AEE948000CA380B /* Debug */ = {
			isa = XCBuildConfiguration;
			buildSettings = {
				BUNDLE_LOADER = "$(TEST_HOST)";
				CLANG_ENABLE_OBJC_ARC = YES;
				FRAMEWORK_SEARCH_PATHS = (
					"$(SDKROOT)/Developer/Library/Frameworks",
					"$(inherited)",
				);
				GCC_PREPROCESSOR_DEFINITIONS = (
					"DEBUG=1",
					"$(inherited)",
				);
				INFOPLIST_FILE = "Aprende con TonyTests/Info.plist";
				LD_RUNPATH_SEARCH_PATHS = "$(inherited) @executable_path/Frameworks @loader_path/Frameworks";
				PRODUCT_NAME = "$(TARGET_NAME)";
				TEST_HOST = "$(BUILT_PRODUCTS_DIR)/Aprende con Tony.app/Aprende con Tony";
			};
			name = Debug;
		};
		6BD752321AEE948000CA380B /* Release */ = {
			isa = XCBuildConfiguration;
			buildSettings = {
				BUNDLE_LOADER = "$(TEST_HOST)";
				CLANG_ENABLE_OBJC_ARC = YES;
				FRAMEWORK_SEARCH_PATHS = (
					"$(SDKROOT)/Developer/Library/Frameworks",
					"$(inherited)",
				);
				INFOPLIST_FILE = "Aprende con TonyTests/Info.plist";
				LD_RUNPATH_SEARCH_PATHS = "$(inherited) @executable_path/Frameworks @loader_path/Frameworks";
				PRODUCT_NAME = "$(TARGET_NAME)";
				TEST_HOST = "$(BUILT_PRODUCTS_DIR)/Aprende con Tony.app/Aprende con Tony";
			};
			name = Release;
		};
/* End XCBuildConfiguration section */

/* Begin XCConfigurationList section */
		6BD752021AEE948000CA380B /* Build configuration list for PBXProject "Aprende con Tony" */ = {
			isa = XCConfigurationList;
			buildConfigurations = (
				6BD7522B1AEE948000CA380B /* Debug */,
				6BD7522C1AEE948000CA380B /* Release */,
			);
			defaultConfigurationIsVisible = 0;
			defaultConfigurationName = Release;
		};
		6BD7522D1AEE948000CA380B /* Build configuration list for PBXNativeTarget "Aprende con Tony" */ = {
			isa = XCConfigurationList;
			buildConfigurations = (
				6BD7522E1AEE948000CA380B /* Debug */,
				6BD7522F1AEE948000CA380B /* Release */,
			);
			defaultConfigurationIsVisible = 0;
			defaultConfigurationName = Release;
		};
		6BD752301AEE948000CA380B /* Build configuration list for PBXNativeTarget "Aprende con TonyTests" */ = {
			isa = XCConfigurationList;
			buildConfigurations = (
				6BD752311AEE948000CA380B /* Debug */,
				6BD752321AEE948000CA380B /* Release */,
			);
			defaultConfigurationIsVisible = 0;
			defaultConfigurationName = Release;
		};
/* End XCConfigurationList section */

/* Begin XCVersionGroup section */
		6BD752111AEE948000CA380B /* Aprende_con_Tony.xcdatamodeld */ = {
			isa = XCVersionGroup;
			children = (
				6BD752121AEE948000CA380B /* Aprende_con_Tony.xcdatamodel */,
			);
			currentVersion = 6BD752121AEE948000CA380B /* Aprende_con_Tony.xcdatamodel */;
			path = Aprende_con_Tony.xcdatamodeld;
			sourceTree = "<group>";
			versionGroupType = wrapper.xcdatamodel;
		};
/* End XCVersionGroup section */
	};
	rootObject = 6BD751FF1AEE948000CA380B /* Project object */;
}
